
Microsoft Visual Studio Solution File, Format Version 12.00
# Visual Studio 14
VisualStudioVersion = 14.0.23107.0
MinimumVisualStudioVersion = 10.0.40219.1
Project("{FAE04EC0-301F-11D3-BF4B-00C04F79EFBC}") = "srv_receive_data", "srv_receive_data\srv_receive_data.csproj", "{E09E305F-02AC-4D2C-99CE-6DB1341E8AFF}"
EndProject
Project("{FAE04EC0-301F-11D3-BF4B-00C04F79EFBC}") = "Repository", "Repository\Repository.csproj", "{9E1BE464-E887-4596-B222-CEEF7B406915}"
EndProject
Project("{FAE04EC0-301F-11D3-BF4B-00C04F79EFBC}") = "dsrUtil", "utils\dsrUtil.csproj", "{358C0C14-53EA-44F5-AB78-4444D112D0D5}"
EndProject
Global
	GlobalSection(SolutionConfigurationPlatforms) = preSolution
		Debug|Any CPU = Debug|Any CPU
		Release|Any CPU = Release|Any CPU
	EndGlobalSection
	GlobalSection(ProjectConfigurationPlatforms) = postSolution
		{E09E305F-02AC-4D2C-99CE-6DB1341E8AFF}.Debug|Any CPU.ActiveCfg = Debug|Any CPU
		{E09E305F-02AC-4D2C-99CE-6DB1341E8AFF}.Debug|Any CPU.Build.0 = Debug|Any CPU
		{E09E305F-02AC-4D2C-99CE-6DB1341E8AFF}.Release|Any CPU.ActiveCfg = Release|Any CPU
		{E09E305F-02AC-4D2C-99CE-6DB1341E8AFF}.Release|Any CPU.Build.0 = Release|Any CPU
		{9E1BE464-E887-4596-B222-CEEF7B406915}.Debug|Any CPU.ActiveCfg = Debug|Any CPU
		{9E1BE464-E887-4596-B222-CEEF7B406915}.Debug|Any CPU.Build.0 = Debug|Any CPU
		{9E1BE464-E887-4596-B222-CEEF7B406915}.Release|Any CPU.ActiveCfg = Release|Any CPU
		{9E1BE464-E887-4596-B222-CEEF7B406915}.Release|Any CPU.Build.0 = Release|Any CPU
		{358C0C14-53EA-44F5-AB78-4444D112D0D5}.Debug|Any CPU.ActiveCfg = Debug|Any CPU
		{358C0C14-53EA-44F5-AB78-4444D112D0D5}.Debug|Any CPU.Build.0 = Debug|Any CPU
		{358C0C14-53EA-44F5-AB78-4444D112D0D5}.Release|Any CPU.ActiveCfg = Release|Any CPU
		{358C0C14-53EA-44F5-AB78-4444D112D0D5}.Release|Any CPU.Build.0 = Release|Any CPU
	EndGlobalSection
	GlobalSection(SolutionProperties) = preSolution
		HideSolutionNode = FALSE
	EndGlobalSection
EndGlobal
